// !$*UTF8*$!
{
	archiveVersion = 1;
	classes = {
	};
	objectVersion = 46;
	objects = {

/* Begin PBXBuildFile section */
		477C3D2D1B981C1D007C0828 /* AppDelegate.swift in Sources */ = {isa = PBXBuildFile; fileRef = 477C3D2C1B981C1D007C0828 /* AppDelegate.swift */; };
		477C3D2F1B981C1D007C0828 /* ViewController.swift in Sources */ = {isa = PBXBuildFile; fileRef = 477C3D2E1B981C1D007C0828 /* ViewController.swift */; };
		477C3D321B981C1D007C0828 /* Main.storyboard in Resources */ = {isa = PBXBuildFile; fileRef = 477C3D301B981C1D007C0828 /* Main.storyboard */; };
		477C3D341B981C1D007C0828 /* Images.xcassets in Resources */ = {isa = PBXBuildFile; fileRef = 477C3D331B981C1D007C0828 /* Images.xcassets */; };
		477C3D371B981C1D007C0828 /* LaunchScreen.xib in Resources */ = {isa = PBXBuildFile; fileRef = 477C3D351B981C1D007C0828 /* LaunchScreen.xib */; };
		477C3D431B981C1D007C0828 /* UIAlertControllerTests.swift in Sources */ = {isa = PBXBuildFile; fileRef = 477C3D421B981C1D007C0828 /* UIAlertControllerTests.swift */; };
/* End PBXBuildFile section */

/* Begin PBXContainerItemProxy section */
		477C3D3D1B981C1D007C0828 /* PBXContainerItemProxy */ = {
			isa = PBXContainerItemProxy;
			containerPortal = 477C3D1F1B981C1D007C0828 /* Project object */;
			proxyType = 1;
			remoteGlobalIDString = 477C3D261B981C1D007C0828;
			remoteInfo = UIAlertController;
		};
/* End PBXContainerItemProxy section */

/* Begin PBXFileReference section */
		477C3D271B981C1D007C0828 /* UIAlertController.app */ = {isa = PBXFileReference; explicitFileType = wrapper.application; includeInIndex = 0; path = UIAlertController.app; sourceTree = BUILT_PRODUCTS_DIR; };
		477C3D2B1B981C1D007C0828 /* Info.plist */ = {isa = PBXFileReference; lastKnownFileType = text.plist.xml; path = Info.plist; sourceTree = "<group>"; };
		477C3D2C1B981C1D007C0828 /* AppDelegate.swift */ = {isa = PBXFileReference; lastKnownFileType = sourcecode.swift; path = AppDelegate.swift; sourceTree = "<group>"; };
		477C3D2E1B981C1D007C0828 /* ViewController.swift */ = {isa = PBXFileReference; lastKnownFileType = sourcecode.swift; path = ViewController.swift; sourceTree = "<group>"; };
		477C3D311B981C1D007C0828 /* Base */ = {isa = PBXFileReference; lastKnownFileType = file.storyboard; name = Base; path = Base.lproj/Main.storyboard; sourceTree = "<group>"; };
		477C3D331B981C1D007C0828 /* Images.xcassets */ = {isa = PBXFileReference; lastKnownFileType = folder.assetcatalog; path = Images.xcassets; sourceTree = "<group>"; };
		477C3D361B981C1D007C0828 /* Base */ = {isa = PBXFileReference; lastKnownFileType = file.xib; name = Base; path = Base.lproj/LaunchScreen.xib; sourceTree = "<group>"; };
		477C3D3C1B981C1D007C0828 /* UIAlertControllerTests.xctest */ = {isa = PBXFileReference; explicitFileType = wrapper.cfbundle; includeInIndex = 0; path = UIAlertControllerTests.xctest; sourceTree = BUILT_PRODUCTS_DIR; };
		477C3D411B981C1D007C0828 /* Info.plist */ = {isa = PBXFileReference; lastKnownFileType = text.plist.xml; path = Info.plist; sourceTree = "<group>"; };
		477C3D421B981C1D007C0828 /* UIAlertControllerTests.swift */ = {isa = PBXFileReference; lastKnownFileType = sourcecode.swift; path = UIAlertControllerTests.swift; sourceTree = "<group>"; };
/* End PBXFileReference section */

/* Begin PBXFrameworksBuildPhase section */
		477C3D241B981C1D007C0828 /* Frameworks */ = {
			isa = PBXFrameworksBuildPhase;
			buildActionMask = 2147483647;
			files = (
			);
			runOnlyForDeploymentPostprocessing = 0;
		};
		477C3D391B981C1D007C0828 /* Frameworks */ = {
			isa = PBXFrameworksBuildPhase;
			buildActionMask = 2147483647;
			files = (
			);
			runOnlyForDeploymentPostprocessing = 0;
		};
/* End PBXFrameworksBuildPhase section */

/* Begin PBXGroup section */
		477C3D1E1B981C1D007C0828 = {
			isa = PBXGroup;
			children = (
				477C3D291B981C1D007C0828 /* UIAlertController */,
				477C3D3F1B981C1D007C0828 /* UIAlertControllerTests */,
				477C3D281B981C1D007C0828 /* Products */,
			);
			sourceTree = "<group>";
		};
		477C3D281B981C1D007C0828 /* Products */ = {
			isa = PBXGroup;
			children = (
				477C3D271B981C1D007C0828 /* UIAlertController.app */,
				477C3D3C1B981C1D007C0828 /* UIAlertControllerTests.xctest */,
			);
			name = Products;
			sourceTree = "<group>";
		};
		477C3D291B981C1D007C0828 /* UIAlertController */ = {
			isa = PBXGroup;
			children = (
				477C3D2C1B981C1D007C0828 /* AppDelegate.swift */,
				477C3D2E1B981C1D007C0828 /* ViewController.swift */,
				477C3D301B981C1D007C0828 /* Main.storyboard */,
				477C3D331B981C1D007C0828 /* Images.xcassets */,
				477C3D351B981C1D007C0828 /* LaunchScreen.xib */,
				477C3D2A1B981C1D007C0828 /* Supporting Files */,
			);
			path = UIAlertController;
			sourceTree = "<group>";
		};
		477C3D2A1B981C1D007C0828 /* Supporting Files */ = {
			isa = PBXGroup;
			children = (
				477C3D2B1B981C1D007C0828 /* Info.plist */,
			);
			name = "Supporting Files";
			sourceTree = "<group>";
		};
		477C3D3F1B981C1D007C0828 /* UIAlertControllerTests */ = {
			isa = PBXGroup;
			children = (
				477C3D421B981C1D007C0828 /* UIAlertControllerTests.swift */,
				477C3D401B981C1D007C0828 /* Supporting Files */,
			);
			path = UIAlertControllerTests;
			sourceTree = "<group>";
		};
		477C3D401B981C1D007C0828 /* Supporting Files */ = {
			isa = PBXGroup;
			children = (
				477C3D411B981C1D007C0828 /* Info.plist */,
			);
			name = "Supporting Files";
			sourceTree = "<group>";
		};
/* End PBXGroup section */

/* Begin PBXNativeTarget section */
		477C3D261B981C1D007C0828 /* UIAlertController */ = {
			isa = PBXNativeTarget;
			buildConfigurationList = 477C3D461B981C1D007C0828 /* Build configuration list for PBXNativeTarget "UIAlertController" */;
			buildPhases = (
				477C3D231B981C1D007C0828 /* Sources */,
				477C3D241B981C1D007C0828 /* Frameworks */,
				477C3D251B981C1D007C0828 /* Resources */,
			);
			buildRules = (
			);
			dependencies = (
			);
			name = UIAlertController;
			productName = UIAlertController;
			productReference = 477C3D271B981C1D007C0828 /* UIAlertController.app */;
			productType = "com.apple.product-type.application";
		};
		477C3D3B1B981C1D007C0828 /* UIAlertControllerTests */ = {
			isa = PBXNativeTarget;
			buildConfigurationList = 477C3D491B981C1D007C0828 /* Build configuration list for PBXNativeTarget "UIAlertControllerTests" */;
			buildPhases = (
				477C3D381B981C1D007C0828 /* Sources */,
				477C3D391B981C1D007C0828 /* Frameworks */,
				477C3D3A1B981C1D007C0828 /* Resources */,
			);
			buildRules = (
			);
			dependencies = (
				477C3D3E1B981C1D007C0828 /* PBXTargetDependency */,
			);
			name = UIAlertControllerTests;
			productName = UIAlertControllerTests;
			productReference = 477C3D3C1B981C1D007C0828 /* UIAlertControllerTests.xctest */;
			productType = "com.apple.product-type.bundle.unit-test";
		};
/* End PBXNativeTarget section */

/* Begin PBXProject section */
		477C3D1F1B981C1D007C0828 /* Project object */ = {
			isa = PBXProject;
			attributes = {
				LastUpgradeCheck = 0640;
				ORGANIZATIONNAME = HAKASHUN;
				TargetAttributes = {
					477C3D261B981C1D007C0828 = {
						CreatedOnToolsVersion = 6.4;
					};
					477C3D3B1B981C1D007C0828 = {
						CreatedOnToolsVersion = 6.4;
						TestTargetID = 477C3D261B981C1D007C0828;
					};
				};
			};
			buildConfigurationList = 477C3D221B981C1D007C0828 /* Build configuration list for PBXProject "UIAlertController" */;
			compatibilityVersion = "Xcode 3.2";
			developmentRegion = English;
			hasScannedForEncodings = 0;
			knownRegions = (
				en,
				Base,
			);
			mainGroup = 477C3D1E1B981C1D007C0828;
			productRefGroup = 477C3D281B981C1D007C0828 /* Products */;
			projectDirPath = "";
			projectRoot = "";
			targets = (
				477C3D261B981C1D007C0828 /* UIAlertController */,
				477C3D3B1B981C1D007C0828 /* UIAlertControllerTests */,
			);
		};
/* End PBXProject section */

/* Begin PBXResourcesBuildPhase section */
		477C3D251B981C1D007C0828 /* Resources */ = {
			isa = PBXResourcesBuildPhase;
			buildActionMask = 2147483647;
			files = (
				477C3D321B981C1D007C0828 /* Main.storyboard in Resources */,
				477C3D371B981C1D007C0828 /* LaunchScreen.xib in Resources */,
				477C3D341B981C1D007C0828 /* Images.xcassets in Resources */,
			);
			runOnlyForDeploymentPostprocessing = 0;
		};
		477C3D3A1B981C1D007C0828 /* Resources */ = {
			isa = PBXResourcesBuildPhase;
			buildActionMask = 2147483647;
			files = (
			);
			runOnlyForDeploymentPostprocessing = 0;
		};
/* End PBXResourcesBuildPhase section */

/* Begin PBXSourcesBuildPhase section */
		477C3D231B981C1D007C0828 /* Sources */ = {
			isa = PBXSourcesBuildPhase;
			buildActionMask = 2147483647;
			files = (
				477C3D2F1B981C1D007C0828 /* ViewController.swift in Sources */,
				477C3D2D1B981C1D007C0828 /* AppDelegate.swift in Sources */,
			);
			runOnlyForDeploymentPostprocessing = 0;
		};
		477C3D381B981C1D007C0828 /* Sources */ = {
			isa = PBXSourcesBuildPhase;
			buildActionMask = 2147483647;
			files = (
				477C3D431B981C1D007C0828 /* UIAlertControllerTests.swift in Sources */,
			);
			runOnlyForDeploymentPostprocessing = 0;
		};
/* End PBXSourcesBuildPhase section */

/* Begin PBXTargetDependency section */
		477C3D3E1B981C1D007C0828 /* PBXTargetDependency */ = {
			isa = PBXTargetDependency;
			target = 477C3D261B981C1D007C0828 /* UIAlertController */;
			targetProxy = 477C3D3D1B981C1D007C0828 /* PBXContainerItemProxy */;
		};
/* End PBXTargetDependency section */

/* Begin PBXVariantGroup section */
		477C3D301B981C1D007C0828 /* Main.storyboard */ = {
			isa = PBXVariantGroup;
			children = (
				477C3D311B981C1D007C0828 /* Base */,
			);
			name = Main.storyboard;
			sourceTree = "<group>";
		};
		477C3D351B981C1D007C0828 /* LaunchScreen.xib */ = {
			isa = PBXVariantGroup;
			children = (
				477C3D361B981C1D007C0828 /* Base */,
			);
			name = LaunchScreen.xib;
			sourceTree = "<group>";
		};
/* End PBXVariantGroup section */

/* Begin XCBuildConfiguration section */
		477C3D441B981C1D007C0828 /* Debug */ = {
			isa = XCBuildConfiguration;
			buildSettings = {
				ALWAYS_SEARCH_USER_PATHS = NO;
				CLANG_CXX_LANGUAGE_STANDARD = "gnu++0x";
				CLANG_CXX_LIBRARY = "libc++";
				CLANG_ENABLE_MODULES = YES;
				CLANG_ENABLE_OBJC_ARC = YES;
				CLANG_WARN_BOOL_CONVERSION = YES;
				CLANG_WARN_CONSTANT_CONVERSION = YES;
				CLANG_WARN_DIRECT_OBJC_ISA_USAGE = YES_ERROR;
				CLANG_WARN_EMPTY_BODY = YES;
				CLANG_WARN_ENUM_CONVERSION = YES;
				CLANG_WARN_INT_CONVERSION = YES;
				CLANG_WARN_OBJC_ROOT_CLASS = YES_ERROR;
				CLANG_WARN_UNREACHABLE_CODE = YES;
				CLANG_WARN__DUPLICATE_METHOD_MATCH = YES;
				"CODE_SIGN_IDENTITY[sdk=iphoneos*]" = "iPhone Developer";
				COPY_PHASE_STRIP = NO;
				DEBUG_INFORMATION_FORMAT = "dwarf-with-dsym";
				ENABLE_STRICT_OBJC_MSGSEND = YES;
				GCC_C_LANGUAGE_STANDARD = gnu99;
				GCC_DYNAMIC_NO_PIC = NO;
				GCC_NO_COMMON_BLOCKS = YES;
				GCC_OPTIMIZATION_LEVEL = 0;
				GCC_PREPROCESSOR_DEFINITIONS = (
					"DEBUG=1",
					"$(inherited)",
				);
				GCC_SYMBOLS_PRIVATE_EXTERN = NO;
				GCC_WARN_64_TO_32_BIT_CONVERSION = YES;
				GCC_WARN_ABOUT_RETURN_TYPE = YES_ERROR;
				GCC_WARN_UNDECLARED_SELECTOR = YES;
				GCC_WARN_UNINITIALIZED_AUTOS = YES_AGGRESSIVE;
				GCC_WARN_UNUSED_FUNCTION = YES;
				GCC_WARN_UNUSED_VARIABLE = YES;
				IPHONEOS_DEPLOYMENT_TARGET = 8.4;
				MTL_ENABLE_DEBUG_INFO = YES;
				ONLY_ACTIVE_ARCH = YES;
				SDKROOT = iphoneos;
				SWIFT_OPTIMIZATION_LEVEL = "-Onone";
				TARGETED_DEVICE_FAMILY = "1,2";
			};
			name = Debug;
		};
		477C3D451B981C1D007C0828 /* Release */ = {
			isa = XCBuildConfiguration;
			buildSettings = {
				ALWAYS_SEARCH_USER_PATHS = NO;
				CLANG_CXX_LANGUAGE_STANDARD = "gnu++0x";
				CLANG_CXX_LIBRARY = "libc++";
				CLANG_ENABLE_MODULES = YES;
				CLANG_ENABLE_OBJC_ARC = YES;
				CLANG_WARN_BOOL_CONVERSION = YES;
				CLANG_WARN_CONSTANT_CONVERSION = YES;
				CLANG_WARN_DIRECT_OBJC_ISA_USAGE = YES_ERROR;
				CLANG_WARN_EMPTY_BODY = YES;
				CLANG_WARN_ENUM_CONVERSION = YES;
				CLANG_WARN_INT_CONVERSION = YES;
				CLANG_WARN_OBJC_ROOT_CLASS = YES_ERROR;
				CLANG_WARN_UNREACHABLE_CODE = YES;
				CLANG_WARN__DUPLICATE_METHOD_MATCH = YES;
				"CODE_SIGN_IDENTITY[sdk=iphoneos*]" = "iPhone Developer";
				COPY_PHASE_STRIP = NO;
				DEBUG_INFORMATION_FORMAT = "dwarf-with-dsym";
				ENABLE_NS_ASSERTIONS = NO;
				ENABLE_STRICT_OBJC_MSGSEND = YES;
				GCC_C_LANGUAGE_STANDARD = gnu99;
				GCC_NO_COMMON_BLOCKS = YES;
				GCC_WARN_64_TO_32_BIT_CONVERSION = YES;
				GCC_WARN_ABOUT_RETURN_TYPE = YES_ERROR;
				GCC_WARN_UNDECLARED_SELECTOR = YES;
				GCC_WARN_UNINITIALIZED_AUTOS = YES_AGGRESSIVE;
				GCC_WARN_UNUSED_FUNCTION = YES;
				GCC_WARN_UNUSED_VARIABLE = YES;
				IPHONEOS_DEPLOYMENT_TARGET = 8.4;
				MTL_ENABLE_DEBUG_INFO = NO;
				SDKROOT = iphoneos;
				TARGETED_DEVICE_FAMILY = "1,2";
				VALIDATE_PRODUCT = YES;
			};
			name = Release;
		};
		477C3D471B981C1D007C0828 /* Debug */ = {
			isa = XCBuildConfiguration;
			buildSettings = {
				ASSETCATALOG_COMPILER_APPICON_NAME = AppIcon;
				INFOPLIST_FILE = UIAlertController/Info.plist;
				LD_RUNPATH_SEARCH_PATHS = "$(inherited) @executable_path/Frameworks";
				PRODUCT_NAME = "$(TARGET_NAME)";
			};
			name = Debug;
		};
		477C3D481B981C1D007C0828 /* Release */ = {
			isa = XCBuildConfiguration;
			buildSettings = {
				ASSETCATALOG_COMPILER_APPICON_NAME = AppIcon;
				INFOPLIST_FILE = UIAlertController/Info.plist;
				LD_RUNPATH_SEARCH_PATHS = "$(inherited) @executable_path/Frameworks";
				PRODUCT_NAME = "$(TARGET_NAME)";
			};
			name = Release;
		};
		477C3D4A1B981C1D007C0828 /* Debug */ = {
			isa = XCBuildConfiguration;
			buildSettings = {
				BUNDLE_LOADER = "$(TEST_HOST)";
				FRAMEWORK_SEARCH_PATHS = (
					"$(SDKROOT)/Developer/Library/Frameworks",
					"$(inherited)",
				);
				GCC_PREPROCESSOR_DEFINITIONS = (
					"DEBUG=1",
					"$(inherited)",
				);
				INFOPLIST_FILE = UIAlertControllerTests/Info.plist;
				LD_RUNPATH_SEARCH_PATHS = "$(inherited) @executable_path/Frameworks @loader_path/Frameworks";
				PRODUCT_NAME = "$(TARGET_NAME)";
				TEST_HOST = "$(BUILT_PRODUCTS_DIR)/UIAlertController.app/UIAlertController";
			};
			name = Debug;
		};
		477C3D4B1B981C1D007C0828 /* Release */ = {
			isa = XCBuildConfiguration;
			buildSettings = {
				BUNDLE_LOADER = "$(TEST_HOST)";
				FRAMEWORK_SEARCH_PATHS = (
					"$(SDKROOT)/Developer/Library/Frameworks",
					"$(inherited)",
				);
				INFOPLIST_FILE = UIAlertControllerTests/Info.plist;
				LD_RUNPATH_SEARCH_PATHS = "$(inherited) @executable_path/Frameworks @loader_path/Frameworks";
				PRODUCT_NAME = "$(TARGET_NAME)";
				TEST_HOST = "$(BUILT_PRODUCTS_DIR)/UIAlertController.app/UIAlertController";
			};
			name = Release;
		};
/* End XCBuildConfiguration section */

/* Begin XCConfigurationList section */
		477C3D221B981C1D007C0828 /* Build configuration list for PBXProject "UIAlertController" */ = {
			isa = XCConfigurationList;
			buildConfigurations = (
				477C3D441B981C1D007C0828 /* Debug */,
				477C3D451B981C1D007C0828 /* Release */,
			);
			defaultConfigurationIsVisible = 0;
			defaultConfigurationName = Release;
		};
		477C3D461B981C1D007C0828 /* Build configuration list for PBXNativeTarget "UIAlertController" */ = {
			isa = XCConfigurationList;
			buildConfigurations = (
				477C3D471B981C1D007C0828 /* Debug */,
				477C3D481B981C1D007C0828 /* Release */,
			);
			defaultConfigurationIsVisible = 0;
		};
		477C3D491B981C1D007C0828 /* Build configuration list for PBXNativeTarget "UIAlertControllerTests" */ = {
			isa = XCConfigurationList;
			buildConfigurations = (
				477C3D4A1B981C1D007C0828 /* Debug */,
				477C3D4B1B981C1D007C0828 /* Release */,
			);
			defaultConfigurationIsVisible = 0;
		};
/* End XCConfigurationList section */
	};
	rootObject = 477C3D1F1B981C1D007C0828 /* Project object */;
}
