// !$*UTF8*$!
{
	archiveVersion = 1;
	classes = {
	};
	objectVersion = 46;
	objects = {

/* Begin PBXBuildFile section */
		477C3E531B9D8044007C0828 /* AppDelegate.swift in Sources */ = {isa = PBXBuildFile; fileRef = 477C3E521B9D8044007C0828 /* AppDelegate.swift */; };
		477C3E551B9D8044007C0828 /* ViewController.swift in Sources */ = {isa = PBXBuildFile; fileRef = 477C3E541B9D8044007C0828 /* ViewController.swift */; };
		477C3E581B9D8044007C0828 /* Main.storyboard in Resources */ = {isa = PBXBuildFile; fileRef = 477C3E561B9D8044007C0828 /* Main.storyboard */; };
		477C3E5A1B9D8044007C0828 /* Images.xcassets in Resources */ = {isa = PBXBuildFile; fileRef = 477C3E591B9D8044007C0828 /* Images.xcassets */; };
		477C3E5D1B9D8044007C0828 /* LaunchScreen.xib in Resources */ = {isa = PBXBuildFile; fileRef = 477C3E5B1B9D8044007C0828 /* LaunchScreen.xib */; };
		477C3E691B9D8044007C0828 /* UIWebViewTests.swift in Sources */ = {isa = PBXBuildFile; fileRef = 477C3E681B9D8044007C0828 /* UIWebViewTests.swift */; };
/* End PBXBuildFile section */

/* Begin PBXContainerItemProxy section */
		477C3E631B9D8044007C0828 /* PBXContainerItemProxy */ = {
			isa = PBXContainerItemProxy;
			containerPortal = 477C3E451B9D8044007C0828 /* Project object */;
			proxyType = 1;
			remoteGlobalIDString = 477C3E4C1B9D8044007C0828;
			remoteInfo = UIWebView;
		};
/* End PBXContainerItemProxy section */

/* Begin PBXFileReference section */
		477C3E4D1B9D8044007C0828 /* UIWebView.app */ = {isa = PBXFileReference; explicitFileType = wrapper.application; includeInIndex = 0; path = UIWebView.app; sourceTree = BUILT_PRODUCTS_DIR; };
		477C3E511B9D8044007C0828 /* Info.plist */ = {isa = PBXFileReference; lastKnownFileType = text.plist.xml; path = Info.plist; sourceTree = "<group>"; };
		477C3E521B9D8044007C0828 /* AppDelegate.swift */ = {isa = PBXFileReference; lastKnownFileType = sourcecode.swift; path = AppDelegate.swift; sourceTree = "<group>"; };
		477C3E541B9D8044007C0828 /* ViewController.swift */ = {isa = PBXFileReference; lastKnownFileType = sourcecode.swift; path = ViewController.swift; sourceTree = "<group>"; };
		477C3E571B9D8044007C0828 /* Base */ = {isa = PBXFileReference; lastKnownFileType = file.storyboard; name = Base; path = Base.lproj/Main.storyboard; sourceTree = "<group>"; };
		477C3E591B9D8044007C0828 /* Images.xcassets */ = {isa = PBXFileReference; lastKnownFileType = folder.assetcatalog; path = Images.xcassets; sourceTree = "<group>"; };
		477C3E5C1B9D8044007C0828 /* Base */ = {isa = PBXFileReference; lastKnownFileType = file.xib; name = Base; path = Base.lproj/LaunchScreen.xib; sourceTree = "<group>"; };
		477C3E621B9D8044007C0828 /* UIWebViewTests.xctest */ = {isa = PBXFileReference; explicitFileType = wrapper.cfbundle; includeInIndex = 0; path = UIWebViewTests.xctest; sourceTree = BUILT_PRODUCTS_DIR; };
		477C3E671B9D8044007C0828 /* Info.plist */ = {isa = PBXFileReference; lastKnownFileType = text.plist.xml; path = Info.plist; sourceTree = "<group>"; };
		477C3E681B9D8044007C0828 /* UIWebViewTests.swift */ = {isa = PBXFileReference; lastKnownFileType = sourcecode.swift; path = UIWebViewTests.swift; sourceTree = "<group>"; };
/* End PBXFileReference section */

/* Begin PBXFrameworksBuildPhase section */
		477C3E4A1B9D8044007C0828 /* Frameworks */ = {
			isa = PBXFrameworksBuildPhase;
			buildActionMask = 2147483647;
			files = (
			);
			runOnlyForDeploymentPostprocessing = 0;
		};
		477C3E5F1B9D8044007C0828 /* Frameworks */ = {
			isa = PBXFrameworksBuildPhase;
			buildActionMask = 2147483647;
			files = (
			);
			runOnlyForDeploymentPostprocessing = 0;
		};
/* End PBXFrameworksBuildPhase section */

/* Begin PBXGroup section */
		477C3E441B9D8044007C0828 = {
			isa = PBXGroup;
			children = (
				477C3E4F1B9D8044007C0828 /* UIWebView */,
				477C3E651B9D8044007C0828 /* UIWebViewTests */,
				477C3E4E1B9D8044007C0828 /* Products */,
			);
			sourceTree = "<group>";
		};
		477C3E4E1B9D8044007C0828 /* Products */ = {
			isa = PBXGroup;
			children = (
				477C3E4D1B9D8044007C0828 /* UIWebView.app */,
				477C3E621B9D8044007C0828 /* UIWebViewTests.xctest */,
			);
			name = Products;
			sourceTree = "<group>";
		};
		477C3E4F1B9D8044007C0828 /* UIWebView */ = {
			isa = PBXGroup;
			children = (
				477C3E521B9D8044007C0828 /* AppDelegate.swift */,
				477C3E541B9D8044007C0828 /* ViewController.swift */,
				477C3E561B9D8044007C0828 /* Main.storyboard */,
				477C3E591B9D8044007C0828 /* Images.xcassets */,
				477C3E5B1B9D8044007C0828 /* LaunchScreen.xib */,
				477C3E501B9D8044007C0828 /* Supporting Files */,
			);
			path = UIWebView;
			sourceTree = "<group>";
		};
		477C3E501B9D8044007C0828 /* Supporting Files */ = {
			isa = PBXGroup;
			children = (
				477C3E511B9D8044007C0828 /* Info.plist */,
			);
			name = "Supporting Files";
			sourceTree = "<group>";
		};
		477C3E651B9D8044007C0828 /* UIWebViewTests */ = {
			isa = PBXGroup;
			children = (
				477C3E681B9D8044007C0828 /* UIWebViewTests.swift */,
				477C3E661B9D8044007C0828 /* Supporting Files */,
			);
			path = UIWebViewTests;
			sourceTree = "<group>";
		};
		477C3E661B9D8044007C0828 /* Supporting Files */ = {
			isa = PBXGroup;
			children = (
				477C3E671B9D8044007C0828 /* Info.plist */,
			);
			name = "Supporting Files";
			sourceTree = "<group>";
		};
/* End PBXGroup section */

/* Begin PBXNativeTarget section */
		477C3E4C1B9D8044007C0828 /* UIWebView */ = {
			isa = PBXNativeTarget;
			buildConfigurationList = 477C3E6C1B9D8044007C0828 /* Build configuration list for PBXNativeTarget "UIWebView" */;
			buildPhases = (
				477C3E491B9D8044007C0828 /* Sources */,
				477C3E4A1B9D8044007C0828 /* Frameworks */,
				477C3E4B1B9D8044007C0828 /* Resources */,
			);
			buildRules = (
			);
			dependencies = (
			);
			name = UIWebView;
			productName = UIWebView;
			productReference = 477C3E4D1B9D8044007C0828 /* UIWebView.app */;
			productType = "com.apple.product-type.application";
		};
		477C3E611B9D8044007C0828 /* UIWebViewTests */ = {
			isa = PBXNativeTarget;
			buildConfigurationList = 477C3E6F1B9D8044007C0828 /* Build configuration list for PBXNativeTarget "UIWebViewTests" */;
			buildPhases = (
				477C3E5E1B9D8044007C0828 /* Sources */,
				477C3E5F1B9D8044007C0828 /* Frameworks */,
				477C3E601B9D8044007C0828 /* Resources */,
			);
			buildRules = (
			);
			dependencies = (
				477C3E641B9D8044007C0828 /* PBXTargetDependency */,
			);
			name = UIWebViewTests;
			productName = UIWebViewTests;
			productReference = 477C3E621B9D8044007C0828 /* UIWebViewTests.xctest */;
			productType = "com.apple.product-type.bundle.unit-test";
		};
/* End PBXNativeTarget section */

/* Begin PBXProject section */
		477C3E451B9D8044007C0828 /* Project object */ = {
			isa = PBXProject;
			attributes = {
				LastUpgradeCheck = 0640;
				ORGANIZATIONNAME = HAKASHUN;
				TargetAttributes = {
					477C3E4C1B9D8044007C0828 = {
						CreatedOnToolsVersion = 6.4;
					};
					477C3E611B9D8044007C0828 = {
						CreatedOnToolsVersion = 6.4;
						TestTargetID = 477C3E4C1B9D8044007C0828;
					};
				};
			};
			buildConfigurationList = 477C3E481B9D8044007C0828 /* Build configuration list for PBXProject "UIWebView" */;
			compatibilityVersion = "Xcode 3.2";
			developmentRegion = English;
			hasScannedForEncodings = 0;
			knownRegions = (
				en,
				Base,
			);
			mainGroup = 477C3E441B9D8044007C0828;
			productRefGroup = 477C3E4E1B9D8044007C0828 /* Products */;
			projectDirPath = "";
			projectRoot = "";
			targets = (
				477C3E4C1B9D8044007C0828 /* UIWebView */,
				477C3E611B9D8044007C0828 /* UIWebViewTests */,
			);
		};
/* End PBXProject section */

/* Begin PBXResourcesBuildPhase section */
		477C3E4B1B9D8044007C0828 /* Resources */ = {
			isa = PBXResourcesBuildPhase;
			buildActionMask = 2147483647;
			files = (
				477C3E581B9D8044007C0828 /* Main.storyboard in Resources */,
				477C3E5D1B9D8044007C0828 /* LaunchScreen.xib in Resources */,
				477C3E5A1B9D8044007C0828 /* Images.xcassets in Resources */,
			);
			runOnlyForDeploymentPostprocessing = 0;
		};
		477C3E601B9D8044007C0828 /* Resources */ = {
			isa = PBXResourcesBuildPhase;
			buildActionMask = 2147483647;
			files = (
			);
			runOnlyForDeploymentPostprocessing = 0;
		};
/* End PBXResourcesBuildPhase section */

/* Begin PBXSourcesBuildPhase section */
		477C3E491B9D8044007C0828 /* Sources */ = {
			isa = PBXSourcesBuildPhase;
			buildActionMask = 2147483647;
			files = (
				477C3E551B9D8044007C0828 /* ViewController.swift in Sources */,
				477C3E531B9D8044007C0828 /* AppDelegate.swift in Sources */,
			);
			runOnlyForDeploymentPostprocessing = 0;
		};
		477C3E5E1B9D8044007C0828 /* Sources */ = {
			isa = PBXSourcesBuildPhase;
			buildActionMask = 2147483647;
			files = (
				477C3E691B9D8044007C0828 /* UIWebViewTests.swift in Sources */,
			);
			runOnlyForDeploymentPostprocessing = 0;
		};
/* End PBXSourcesBuildPhase section */

/* Begin PBXTargetDependency section */
		477C3E641B9D8044007C0828 /* PBXTargetDependency */ = {
			isa = PBXTargetDependency;
			target = 477C3E4C1B9D8044007C0828 /* UIWebView */;
			targetProxy = 477C3E631B9D8044007C0828 /* PBXContainerItemProxy */;
		};
/* End PBXTargetDependency section */

/* Begin PBXVariantGroup section */
		477C3E561B9D8044007C0828 /* Main.storyboard */ = {
			isa = PBXVariantGroup;
			children = (
				477C3E571B9D8044007C0828 /* Base */,
			);
			name = Main.storyboard;
			sourceTree = "<group>";
		};
		477C3E5B1B9D8044007C0828 /* LaunchScreen.xib */ = {
			isa = PBXVariantGroup;
			children = (
				477C3E5C1B9D8044007C0828 /* Base */,
			);
			name = LaunchScreen.xib;
			sourceTree = "<group>";
		};
/* End PBXVariantGroup section */

/* Begin XCBuildConfiguration section */
		477C3E6A1B9D8044007C0828 /* Debug */ = {
			isa = XCBuildConfiguration;
			buildSettings = {
				ALWAYS_SEARCH_USER_PATHS = NO;
				CLANG_CXX_LANGUAGE_STANDARD = "gnu++0x";
				CLANG_CXX_LIBRARY = "libc++";
				CLANG_ENABLE_MODULES = YES;
				CLANG_ENABLE_OBJC_ARC = YES;
				CLANG_WARN_BOOL_CONVERSION = YES;
				CLANG_WARN_CONSTANT_CONVERSION = YES;
				CLANG_WARN_DIRECT_OBJC_ISA_USAGE = YES_ERROR;
				CLANG_WARN_EMPTY_BODY = YES;
				CLANG_WARN_ENUM_CONVERSION = YES;
				CLANG_WARN_INT_CONVERSION = YES;
				CLANG_WARN_OBJC_ROOT_CLASS = YES_ERROR;
				CLANG_WARN_UNREACHABLE_CODE = YES;
				CLANG_WARN__DUPLICATE_METHOD_MATCH = YES;
				"CODE_SIGN_IDENTITY[sdk=iphoneos*]" = "iPhone Developer";
				COPY_PHASE_STRIP = NO;
				DEBUG_INFORMATION_FORMAT = "dwarf-with-dsym";
				ENABLE_STRICT_OBJC_MSGSEND = YES;
				GCC_C_LANGUAGE_STANDARD = gnu99;
				GCC_DYNAMIC_NO_PIC = NO;
				GCC_NO_COMMON_BLOCKS = YES;
				GCC_OPTIMIZATION_LEVEL = 0;
				GCC_PREPROCESSOR_DEFINITIONS = (
					"DEBUG=1",
					"$(inherited)",
				);
				GCC_SYMBOLS_PRIVATE_EXTERN = NO;
				GCC_WARN_64_TO_32_BIT_CONVERSION = YES;
				GCC_WARN_ABOUT_RETURN_TYPE = YES_ERROR;
				GCC_WARN_UNDECLARED_SELECTOR = YES;
				GCC_WARN_UNINITIALIZED_AUTOS = YES_AGGRESSIVE;
				GCC_WARN_UNUSED_FUNCTION = YES;
				GCC_WARN_UNUSED_VARIABLE = YES;
				IPHONEOS_DEPLOYMENT_TARGET = 8.4;
				MTL_ENABLE_DEBUG_INFO = YES;
				ONLY_ACTIVE_ARCH = YES;
				SDKROOT = iphoneos;
				SWIFT_OPTIMIZATION_LEVEL = "-Onone";
				TARGETED_DEVICE_FAMILY = "1,2";
			};
			name = Debug;
		};
		477C3E6B1B9D8044007C0828 /* Release */ = {
			isa = XCBuildConfiguration;
			buildSettings = {
				ALWAYS_SEARCH_USER_PATHS = NO;
				CLANG_CXX_LANGUAGE_STANDARD = "gnu++0x";
				CLANG_CXX_LIBRARY = "libc++";
				CLANG_ENABLE_MODULES = YES;
				CLANG_ENABLE_OBJC_ARC = YES;
				CLANG_WARN_BOOL_CONVERSION = YES;
				CLANG_WARN_CONSTANT_CONVERSION = YES;
				CLANG_WARN_DIRECT_OBJC_ISA_USAGE = YES_ERROR;
				CLANG_WARN_EMPTY_BODY = YES;
				CLANG_WARN_ENUM_CONVERSION = YES;
				CLANG_WARN_INT_CONVERSION = YES;
				CLANG_WARN_OBJC_ROOT_CLASS = YES_ERROR;
				CLANG_WARN_UNREACHABLE_CODE = YES;
				CLANG_WARN__DUPLICATE_METHOD_MATCH = YES;
				"CODE_SIGN_IDENTITY[sdk=iphoneos*]" = "iPhone Developer";
				COPY_PHASE_STRIP = NO;
				DEBUG_INFORMATION_FORMAT = "dwarf-with-dsym";
				ENABLE_NS_ASSERTIONS = NO;
				ENABLE_STRICT_OBJC_MSGSEND = YES;
				GCC_C_LANGUAGE_STANDARD = gnu99;
				GCC_NO_COMMON_BLOCKS = YES;
				GCC_WARN_64_TO_32_BIT_CONVERSION = YES;
				GCC_WARN_ABOUT_RETURN_TYPE = YES_ERROR;
				GCC_WARN_UNDECLARED_SELECTOR = YES;
				GCC_WARN_UNINITIALIZED_AUTOS = YES_AGGRESSIVE;
				GCC_WARN_UNUSED_FUNCTION = YES;
				GCC_WARN_UNUSED_VARIABLE = YES;
				IPHONEOS_DEPLOYMENT_TARGET = 8.4;
				MTL_ENABLE_DEBUG_INFO = NO;
				SDKROOT = iphoneos;
				TARGETED_DEVICE_FAMILY = "1,2";
				VALIDATE_PRODUCT = YES;
			};
			name = Release;
		};
		477C3E6D1B9D8044007C0828 /* Debug */ = {
			isa = XCBuildConfiguration;
			buildSettings = {
				ASSETCATALOG_COMPILER_APPICON_NAME = AppIcon;
				INFOPLIST_FILE = UIWebView/Info.plist;
				LD_RUNPATH_SEARCH_PATHS = "$(inherited) @executable_path/Frameworks";
				PRODUCT_NAME = "$(TARGET_NAME)";
			};
			name = Debug;
		};
		477C3E6E1B9D8044007C0828 /* Release */ = {
			isa = XCBuildConfiguration;
			buildSettings = {
				ASSETCATALOG_COMPILER_APPICON_NAME = AppIcon;
				INFOPLIST_FILE = UIWebView/Info.plist;
				LD_RUNPATH_SEARCH_PATHS = "$(inherited) @executable_path/Frameworks";
				PRODUCT_NAME = "$(TARGET_NAME)";
			};
			name = Release;
		};
		477C3E701B9D8044007C0828 /* Debug */ = {
			isa = XCBuildConfiguration;
			buildSettings = {
				BUNDLE_LOADER = "$(TEST_HOST)";
				FRAMEWORK_SEARCH_PATHS = (
					"$(SDKROOT)/Developer/Library/Frameworks",
					"$(inherited)",
				);
				GCC_PREPROCESSOR_DEFINITIONS = (
					"DEBUG=1",
					"$(inherited)",
				);
				INFOPLIST_FILE = UIWebViewTests/Info.plist;
				LD_RUNPATH_SEARCH_PATHS = "$(inherited) @executable_path/Frameworks @loader_path/Frameworks";
				PRODUCT_NAME = "$(TARGET_NAME)";
				TEST_HOST = "$(BUILT_PRODUCTS_DIR)/UIWebView.app/UIWebView";
			};
			name = Debug;
		};
		477C3E711B9D8044007C0828 /* Release */ = {
			isa = XCBuildConfiguration;
			buildSettings = {
				BUNDLE_LOADER = "$(TEST_HOST)";
				FRAMEWORK_SEARCH_PATHS = (
					"$(SDKROOT)/Developer/Library/Frameworks",
					"$(inherited)",
				);
				INFOPLIST_FILE = UIWebViewTests/Info.plist;
				LD_RUNPATH_SEARCH_PATHS = "$(inherited) @executable_path/Frameworks @loader_path/Frameworks";
				PRODUCT_NAME = "$(TARGET_NAME)";
				TEST_HOST = "$(BUILT_PRODUCTS_DIR)/UIWebView.app/UIWebView";
			};
			name = Release;
		};
/* End XCBuildConfiguration section */

/* Begin XCConfigurationList section */
		477C3E481B9D8044007C0828 /* Build configuration list for PBXProject "UIWebView" */ = {
			isa = XCConfigurationList;
			buildConfigurations = (
				477C3E6A1B9D8044007C0828 /* Debug */,
				477C3E6B1B9D8044007C0828 /* Release */,
			);
			defaultConfigurationIsVisible = 0;
			defaultConfigurationName = Release;
		};
		477C3E6C1B9D8044007C0828 /* Build configuration list for PBXNativeTarget "UIWebView" */ = {
			isa = XCConfigurationList;
			buildConfigurations = (
				477C3E6D1B9D8044007C0828 /* Debug */,
				477C3E6E1B9D8044007C0828 /* Release */,
			);
			defaultConfigurationIsVisible = 0;
		};
		477C3E6F1B9D8044007C0828 /* Build configuration list for PBXNativeTarget "UIWebViewTests" */ = {
			isa = XCConfigurationList;
			buildConfigurations = (
				477C3E701B9D8044007C0828 /* Debug */,
				477C3E711B9D8044007C0828 /* Release */,
			);
			defaultConfigurationIsVisible = 0;
		};
/* End XCConfigurationList section */
	};
	rootObject = 477C3E451B9D8044007C0828 /* Project object */;
}
